
Microsoft Visual Studio Solution File, Format Version 12.00
# Visual Studio Version 16
VisualStudioVersion = 16.0.30114.105
MinimumVisualStudioVersion = 10.0.40219.1
Project("{FAE04EC0-301F-11D3-BF4B-00C04F79EFBC}") = "DataWpf.Model", "DataWpf.Model\DataWpf.Model.csproj", "{172837BF-33AC-426B-B0DC-E74CB41A3DC2}"
EndProject
Project("{FAE04EC0-301F-11D3-BF4B-00C04F79EFBC}") = "DataWpf.ViewModel", "DataWpf.ViewModel\DataWpf.ViewModel.csproj", "{C92A46C0-0B8A-424F-8A6C-4E3746E555B1}"
EndProject
Project("{FAE04EC0-301F-11D3-BF4B-00C04F79EFBC}") = "Users.UI", "Users.UI\Users.UI.csproj", "{D0CE2034-74C5-44C1-BCDF-B186FF696C76}"
EndProject
Global
	GlobalSection(SolutionConfigurationPlatforms) = preSolution
		Debug|Any CPU = Debug|Any CPU
		Release|Any CPU = Release|Any CPU
	EndGlobalSection
	GlobalSection(ProjectConfigurationPlatforms) = postSolution
		{172837BF-33AC-426B-B0DC-E74CB41A3DC2}.Debug|Any CPU.ActiveCfg = Debug|Any CPU
		{172837BF-33AC-426B-B0DC-E74CB41A3DC2}.Debug|Any CPU.Build.0 = Debug|Any CPU
		{172837BF-33AC-426B-B0DC-E74CB41A3DC2}.Release|Any CPU.ActiveCfg = Release|Any CPU
		{172837BF-33AC-426B-B0DC-E74CB41A3DC2}.Release|Any CPU.Build.0 = Release|Any CPU
		{C92A46C0-0B8A-424F-8A6C-4E3746E555B1}.Debug|Any CPU.ActiveCfg = Debug|Any CPU
		{C92A46C0-0B8A-424F-8A6C-4E3746E555B1}.Debug|Any CPU.Build.0 = Debug|Any CPU
		{C92A46C0-0B8A-424F-8A6C-4E3746E555B1}.Release|Any CPU.ActiveCfg = Release|Any CPU
		{C92A46C0-0B8A-424F-8A6C-4E3746E555B1}.Release|Any CPU.Build.0 = Release|Any CPU
		{D0CE2034-74C5-44C1-BCDF-B186FF696C76}.Debug|Any CPU.ActiveCfg = Debug|Any CPU
		{D0CE2034-74C5-44C1-BCDF-B186FF696C76}.Debug|Any CPU.Build.0 = Debug|Any CPU
		{D0CE2034-74C5-44C1-BCDF-B186FF696C76}.Release|Any CPU.ActiveCfg = Release|Any CPU
		{D0CE2034-74C5-44C1-BCDF-B186FF696C76}.Release|Any CPU.Build.0 = Release|Any CPU
	EndGlobalSection
	GlobalSection(SolutionProperties) = preSolution
		HideSolutionNode = FALSE
	EndGlobalSection
	GlobalSection(ExtensibilityGlobals) = postSolution
		SolutionGuid = {2FAEC9CD-E0E7-4BB7-9D19-719296F3A2E8}
	EndGlobalSection
EndGlobal
